{
	"requires": true,
	"lockfileVersion": 1,
	"dependencies": {
		"is-any-array": {
			"version": "0.0.2",
			"resolved": "https://registry.npmjs.org/is-any-array/-/is-any-array-0.0.2.tgz",
			"integrity": "sha512-oqyhaeR03LUZrxh6SZ2xkbWgBuVpnzs1bjQ0x0PGDEsrhkBOBdUZVdItCoH+sL/6i+M9Y0yNDMbATJHG2dJ5OQ=="
		},
		"median-quickselect": {
			"version": "1.0.1",
			"resolved": "https://registry.npmjs.org/median-quickselect/-/median-quickselect-1.0.1.tgz",
			"integrity": "sha1-3jQIA1pbLwQ4o5uZiT+vPn1hd/g="
		}
	}
}
