{
	"name": "ml-array-sequential-fill",
	"version": "1.1.0",
	"lockfileVersion": 1,
	"requires": true,
	"dependencies": {
		"is-any-array": {
			"version": "0.0.3",
			"resolved": "https://registry.npmjs.org/is-any-array/-/is-any-array-0.0.3.tgz",
			"integrity": "sha512-Lr5SRykZv6uuYMZURz7+YpigT1ziTBHOTgFJ1zK7gL+9Wbet5Ha1ws6S84Jo/lH4zep02b95sk6o4+MTk97mPQ=="
		}
	}
}
